
Microsoft Visual Studio Solution File, Format Version 12.00
# Visual Studio Version 17
VisualStudioVersion = 17.4.33122.133
MinimumVisualStudioVersion = 10.0.40219.1
Project("{FAE04EC0-301F-11D3-BF4B-00C04F79EFBC}") = "ConsoleApp1", "ConsoleApp1\ConsoleApp1.csproj", "{FC22D4A0-C885-4532-AF36-367F26B7EDFB}"
EndProject
Global
	GlobalSection(SolutionConfigurationPlatforms) = preSolution
		Debug|Any CPU = Debug|Any CPU
		Release|Any CPU = Release|Any CPU
	EndGlobalSection
	GlobalSection(ProjectConfigurationPlatforms) = postSolution
		{FC22D4A0-C885-4532-AF36-367F26B7EDFB}.Debug|Any CPU.ActiveCfg = Debug|Any CPU
		{FC22D4A0-C885-4532-AF36-367F26B7EDFB}.Debug|Any CPU.Build.0 = Debug|Any CPU
		{FC22D4A0-C885-4532-AF36-367F26B7EDFB}.Release|Any CPU.ActiveCfg = Release|Any CPU
		{FC22D4A0-C885-4532-AF36-367F26B7EDFB}.Release|Any CPU.Build.0 = Release|Any CPU
	EndGlobalSection
	GlobalSection(SolutionProperties) = preSolution
		HideSolutionNode = FALSE
	EndGlobalSection
	GlobalSection(ExtensibilityGlobals) = postSolution
		SolutionGuid = {91E2F681-4EFB-46AC-8228-40380F5FDA39}
	EndGlobalSection
EndGlobal
